
Microsoft Visual Studio Solution File, Format Version 12.00
# Visual Studio Version 16
VisualStudioVersion = 16.0.29519.87
MinimumVisualStudioVersion = 10.0.40219.1
Project("{FAE04EC0-301F-11D3-BF4B-00C04F79EFBC}") = "BlogsApp", "BlogsApp\BlogsApp.csproj", "{7F926DE5-61D2-418D-B4DE-8C38011F6320}"
EndProject
Global
	GlobalSection(SolutionConfigurationPlatforms) = preSolution
		Debug|Any CPU = Debug|Any CPU
		Release|Any CPU = Release|Any CPU
	EndGlobalSection
	GlobalSection(ProjectConfigurationPlatforms) = postSolution
		{7F926DE5-61D2-418D-B4DE-8C38011F6320}.Debug|Any CPU.ActiveCfg = Debug|Any CPU
		{7F926DE5-61D2-418D-B4DE-8C38011F6320}.Debug|Any CPU.Build.0 = Debug|Any CPU
		{7F926DE5-61D2-418D-B4DE-8C38011F6320}.Release|Any CPU.ActiveCfg = Release|Any CPU
		{7F926DE5-61D2-418D-B4DE-8C38011F6320}.Release|Any CPU.Build.0 = Release|Any CPU
	EndGlobalSection
	GlobalSection(SolutionProperties) = preSolution
		HideSolutionNode = FALSE
	EndGlobalSection
	GlobalSection(ExtensibilityGlobals) = postSolution
		SolutionGuid = {B0D2C5E2-3058-424E-A7BA-C7F91CDD8FA7}
	EndGlobalSection
EndGlobal
